
Microsoft Visual Studio Solution File, Format Version 12.00
# Visual Studio Version 17
VisualStudioVersion = 17.11.35219.272
MinimumVisualStudioVersion = 10.0.40219.1
Project("{9A19103F-16F7-4668-BE54-9A1E7A4F7556}") = "ClienteAPI", "ClienteAPI\ClienteAPI.csproj", "{429117D2-0B2F-43E3-9533-43B5A37139D6}"
EndProject
Project("{9A19103F-16F7-4668-BE54-9A1E7A4F7556}") = "CuentaAPI", "CuentaAPI\CuentaAPI.csproj", "{E2EA55B1-F05B-4DAD-92BA-C8373B13E521}"
EndProject
Project("{E53339B2-1760-4266-BCC7-CA923CBCF16C}") = "docker-compose", "docker-compose.dcproj", "{D7B6E50F-76E6-40DB-8EEC-162C36D34252}"
EndProject
Project("{9A19103F-16F7-4668-BE54-9A1E7A4F7556}") = "ClienteApp.IntegrationTests", "ClienteApp.IntegrationTests\ClienteApp.IntegrationTests.csproj", "{51C1BAEC-5D1E-4E9D-9CFD-F94F4BE101F6}"
EndProject
Project("{9A19103F-16F7-4668-BE54-9A1E7A4F7556}") = "SystemApp.Shared", "SystemApp.Shared\SystemApp.Shared.csproj", "{FD5B6B9A-7E05-48AB-AE7A-2E3E2BCC4429}"
EndProject
Project("{9A19103F-16F7-4668-BE54-9A1E7A4F7556}") = "ClienteApp.Services", "ClienteApp.Services\ClienteApp.Services.csproj", "{0795715E-D18F-4D33-8C6E-62BE7990BC70}"
EndProject
Project("{9A19103F-16F7-4668-BE54-9A1E7A4F7556}") = "ClienteApp.Data", "ClienteApp.Data\ClienteApp.Data.csproj", "{5C72A04D-2B53-4AE5-A6C2-18A3B190D77A}"
EndProject
Project("{9A19103F-16F7-4668-BE54-9A1E7A4F7556}") = "ClienteApp.Messaging", "ClienteApp.Messaging\ClienteApp.Messaging.csproj", "{87DD4739-58D0-4912-BD86-F9BC053CB47A}"
EndProject
Project("{9A19103F-16F7-4668-BE54-9A1E7A4F7556}") = "CuentaApp.Data", "CuentaApp.Data\CuentaApp.Data.csproj", "{DBD589C4-CCE9-4D12-BBC3-04B56CCA798C}"
EndProject
Project("{9A19103F-16F7-4668-BE54-9A1E7A4F7556}") = "CuentaApp.Services", "CuentaApp.Services\CuentaApp.Services.csproj", "{4AC88F0F-A0EB-4519-8ADE-E1EF3ED3A49A}"
EndProject
Project("{9A19103F-16F7-4668-BE54-9A1E7A4F7556}") = "CuentaApp.Messaging", "CuentaApp.Messaging\CuentaApp.Messaging.csproj", "{766EDA8B-7841-4356-A4B0-4C169C509AE3}"
EndProject
Project("{FAE04EC0-301F-11D3-BF4B-00C04F79EFBC}") = "ClienteApp.UnitTests", "ClienteApp.UnitTests\ClienteApp.UnitTests.csproj", "{9E28E114-18D5-4C0F-9E89-F08C87D04FC9}"
EndProject
Global
	GlobalSection(SolutionConfigurationPlatforms) = preSolution
		Debug|Any CPU = Debug|Any CPU
		Release|Any CPU = Release|Any CPU
	EndGlobalSection
	GlobalSection(ProjectConfigurationPlatforms) = postSolution
		{429117D2-0B2F-43E3-9533-43B5A37139D6}.Debug|Any CPU.ActiveCfg = Debug|Any CPU
		{429117D2-0B2F-43E3-9533-43B5A37139D6}.Debug|Any CPU.Build.0 = Debug|Any CPU
		{429117D2-0B2F-43E3-9533-43B5A37139D6}.Release|Any CPU.ActiveCfg = Release|Any CPU
		{429117D2-0B2F-43E3-9533-43B5A37139D6}.Release|Any CPU.Build.0 = Release|Any CPU
		{E2EA55B1-F05B-4DAD-92BA-C8373B13E521}.Debug|Any CPU.ActiveCfg = Debug|Any CPU
		{E2EA55B1-F05B-4DAD-92BA-C8373B13E521}.Debug|Any CPU.Build.0 = Debug|Any CPU
		{E2EA55B1-F05B-4DAD-92BA-C8373B13E521}.Release|Any CPU.ActiveCfg = Release|Any CPU
		{E2EA55B1-F05B-4DAD-92BA-C8373B13E521}.Release|Any CPU.Build.0 = Release|Any CPU
		{D7B6E50F-76E6-40DB-8EEC-162C36D34252}.Debug|Any CPU.ActiveCfg = Debug|Any CPU
		{D7B6E50F-76E6-40DB-8EEC-162C36D34252}.Debug|Any CPU.Build.0 = Debug|Any CPU
		{D7B6E50F-76E6-40DB-8EEC-162C36D34252}.Release|Any CPU.ActiveCfg = Release|Any CPU
		{D7B6E50F-76E6-40DB-8EEC-162C36D34252}.Release|Any CPU.Build.0 = Release|Any CPU
		{51C1BAEC-5D1E-4E9D-9CFD-F94F4BE101F6}.Debug|Any CPU.ActiveCfg = Debug|Any CPU
		{51C1BAEC-5D1E-4E9D-9CFD-F94F4BE101F6}.Debug|Any CPU.Build.0 = Debug|Any CPU
		{51C1BAEC-5D1E-4E9D-9CFD-F94F4BE101F6}.Release|Any CPU.ActiveCfg = Release|Any CPU
		{51C1BAEC-5D1E-4E9D-9CFD-F94F4BE101F6}.Release|Any CPU.Build.0 = Release|Any CPU
		{FD5B6B9A-7E05-48AB-AE7A-2E3E2BCC4429}.Debug|Any CPU.ActiveCfg = Debug|Any CPU
		{FD5B6B9A-7E05-48AB-AE7A-2E3E2BCC4429}.Debug|Any CPU.Build.0 = Debug|Any CPU
		{FD5B6B9A-7E05-48AB-AE7A-2E3E2BCC4429}.Release|Any CPU.ActiveCfg = Release|Any CPU
		{FD5B6B9A-7E05-48AB-AE7A-2E3E2BCC4429}.Release|Any CPU.Build.0 = Release|Any CPU
		{0795715E-D18F-4D33-8C6E-62BE7990BC70}.Debug|Any CPU.ActiveCfg = Debug|Any CPU
		{0795715E-D18F-4D33-8C6E-62BE7990BC70}.Debug|Any CPU.Build.0 = Debug|Any CPU
		{0795715E-D18F-4D33-8C6E-62BE7990BC70}.Release|Any CPU.ActiveCfg = Release|Any CPU
		{0795715E-D18F-4D33-8C6E-62BE7990BC70}.Release|Any CPU.Build.0 = Release|Any CPU
		{5C72A04D-2B53-4AE5-A6C2-18A3B190D77A}.Debug|Any CPU.ActiveCfg = Debug|Any CPU
		{5C72A04D-2B53-4AE5-A6C2-18A3B190D77A}.Debug|Any CPU.Build.0 = Debug|Any CPU
		{5C72A04D-2B53-4AE5-A6C2-18A3B190D77A}.Release|Any CPU.ActiveCfg = Release|Any CPU
		{5C72A04D-2B53-4AE5-A6C2-18A3B190D77A}.Release|Any CPU.Build.0 = Release|Any CPU
		{87DD4739-58D0-4912-BD86-F9BC053CB47A}.Debug|Any CPU.ActiveCfg = Debug|Any CPU
		{87DD4739-58D0-4912-BD86-F9BC053CB47A}.Debug|Any CPU.Build.0 = Debug|Any CPU
		{87DD4739-58D0-4912-BD86-F9BC053CB47A}.Release|Any CPU.ActiveCfg = Release|Any CPU
		{87DD4739-58D0-4912-BD86-F9BC053CB47A}.Release|Any CPU.Build.0 = Release|Any CPU
		{DBD589C4-CCE9-4D12-BBC3-04B56CCA798C}.Debug|Any CPU.ActiveCfg = Debug|Any CPU
		{DBD589C4-CCE9-4D12-BBC3-04B56CCA798C}.Debug|Any CPU.Build.0 = Debug|Any CPU
		{DBD589C4-CCE9-4D12-BBC3-04B56CCA798C}.Release|Any CPU.ActiveCfg = Release|Any CPU
		{DBD589C4-CCE9-4D12-BBC3-04B56CCA798C}.Release|Any CPU.Build.0 = Release|Any CPU
		{4AC88F0F-A0EB-4519-8ADE-E1EF3ED3A49A}.Debug|Any CPU.ActiveCfg = Debug|Any CPU
		{4AC88F0F-A0EB-4519-8ADE-E1EF3ED3A49A}.Debug|Any CPU.Build.0 = Debug|Any CPU
		{4AC88F0F-A0EB-4519-8ADE-E1EF3ED3A49A}.Release|Any CPU.ActiveCfg = Release|Any CPU
		{4AC88F0F-A0EB-4519-8ADE-E1EF3ED3A49A}.Release|Any CPU.Build.0 = Release|Any CPU
		{766EDA8B-7841-4356-A4B0-4C169C509AE3}.Debug|Any CPU.ActiveCfg = Debug|Any CPU
		{766EDA8B-7841-4356-A4B0-4C169C509AE3}.Debug|Any CPU.Build.0 = Debug|Any CPU
		{766EDA8B-7841-4356-A4B0-4C169C509AE3}.Release|Any CPU.ActiveCfg = Release|Any CPU
		{766EDA8B-7841-4356-A4B0-4C169C509AE3}.Release|Any CPU.Build.0 = Release|Any CPU
		{9E28E114-18D5-4C0F-9E89-F08C87D04FC9}.Debug|Any CPU.ActiveCfg = Debug|Any CPU
		{9E28E114-18D5-4C0F-9E89-F08C87D04FC9}.Debug|Any CPU.Build.0 = Debug|Any CPU
		{9E28E114-18D5-4C0F-9E89-F08C87D04FC9}.Release|Any CPU.ActiveCfg = Release|Any CPU
		{9E28E114-18D5-4C0F-9E89-F08C87D04FC9}.Release|Any CPU.Build.0 = Release|Any CPU
	EndGlobalSection
	GlobalSection(SolutionProperties) = preSolution
		HideSolutionNode = FALSE
	EndGlobalSection
	GlobalSection(ExtensibilityGlobals) = postSolution
		SolutionGuid = {19A78549-1804-4843-A1BD-6500C86F71AD}
	EndGlobalSection
EndGlobal
