
Microsoft Visual Studio Solution File, Format Version 12.00
# Visual Studio Version 17
VisualStudioVersion = 17.11.35219.272
MinimumVisualStudioVersion = 10.0.40219.1
Project("{9A19103F-16F7-4668-BE54-9A1E7A4F7556}") = "ClientApp.Data", "ClientApp.Data\ClientApp.Data.csproj", "{51426702-65C2-4F3B-BDF0-40502B0B23E6}"
EndProject
Project("{9A19103F-16F7-4668-BE54-9A1E7A4F7556}") = "ClientApp.IntegrationTests", "ClientApp.IntegrationTests\ClientApp.IntegrationTests.csproj", "{5BD59BD5-8EB9-485B-B0C4-E6881D7F1A0B}"
EndProject
Project("{9A19103F-16F7-4668-BE54-9A1E7A4F7556}") = "ClientApp.Messaging", "ClientApp.Messaging\ClientApp.Messaging.csproj", "{9DB8B687-C658-4A6E-BCA7-73AEBF838DE9}"
EndProject
Project("{9A19103F-16F7-4668-BE54-9A1E7A4F7556}") = "ClientApp.Services", "ClientApp.Services\ClientApp.Services.csproj", "{63A80AB5-4A69-4D30-9163-B31B19DCA484}"
EndProject
Project("{9A19103F-16F7-4668-BE54-9A1E7A4F7556}") = "ClientApp.UnitTests", "ClientApp.UnitTests\ClientApp.UnitTests.csproj", "{50FE883C-DEE1-406F-9E30-8283C5D6462A}"
EndProject
Project("{9A19103F-16F7-4668-BE54-9A1E7A4F7556}") = "ClientApp.Api", "ClientApp.Api\ClientApp.Api.csproj", "{C0BB69FB-626B-4F4E-A594-F19E81A40FB5}"
EndProject
Project("{9A19103F-16F7-4668-BE54-9A1E7A4F7556}") = "AccountApp.Api", "AccountApp.Api\AccountApp.Api.csproj", "{A263B523-6434-4519-BC42-8547650B68F8}"
EndProject
Project("{9A19103F-16F7-4668-BE54-9A1E7A4F7556}") = "AccountApp.Data", "AccountApp.Data\AccountApp.Data.csproj", "{CC336775-E51D-48AB-AE90-2B646D42D5B7}"
EndProject
Project("{9A19103F-16F7-4668-BE54-9A1E7A4F7556}") = "AccountApp.Messaging", "AccountApp.Messaging\AccountApp.Messaging.csproj", "{4A7F6ED2-F21E-4C03-8038-2F011FC84565}"
EndProject
Project("{9A19103F-16F7-4668-BE54-9A1E7A4F7556}") = "Shared", "Shared\Shared.csproj", "{69CE0189-15F3-4EBE-9A57-E0F85BF61971}"
EndProject
Project("{9A19103F-16F7-4668-BE54-9A1E7A4F7556}") = "AccountApp.Services", "AccountApp.Services\AccountApp.Services.csproj", "{923FC662-9909-464A-872C-EE70A679B689}"
EndProject
Project("{E53339B2-1760-4266-BCC7-CA923CBCF16C}") = "docker-compose", "docker-compose.dcproj", "{C783F09B-7531-4D16-A182-089BF86D46BE}"
EndProject
Global
	GlobalSection(SolutionConfigurationPlatforms) = preSolution
		Debug|Any CPU = Debug|Any CPU
		Release|Any CPU = Release|Any CPU
	EndGlobalSection
	GlobalSection(ProjectConfigurationPlatforms) = postSolution
		{51426702-65C2-4F3B-BDF0-40502B0B23E6}.Debug|Any CPU.ActiveCfg = Debug|Any CPU
		{51426702-65C2-4F3B-BDF0-40502B0B23E6}.Debug|Any CPU.Build.0 = Debug|Any CPU
		{51426702-65C2-4F3B-BDF0-40502B0B23E6}.Release|Any CPU.ActiveCfg = Release|Any CPU
		{51426702-65C2-4F3B-BDF0-40502B0B23E6}.Release|Any CPU.Build.0 = Release|Any CPU
		{5BD59BD5-8EB9-485B-B0C4-E6881D7F1A0B}.Debug|Any CPU.ActiveCfg = Debug|Any CPU
		{5BD59BD5-8EB9-485B-B0C4-E6881D7F1A0B}.Debug|Any CPU.Build.0 = Debug|Any CPU
		{5BD59BD5-8EB9-485B-B0C4-E6881D7F1A0B}.Release|Any CPU.ActiveCfg = Release|Any CPU
		{5BD59BD5-8EB9-485B-B0C4-E6881D7F1A0B}.Release|Any CPU.Build.0 = Release|Any CPU
		{9DB8B687-C658-4A6E-BCA7-73AEBF838DE9}.Debug|Any CPU.ActiveCfg = Debug|Any CPU
		{9DB8B687-C658-4A6E-BCA7-73AEBF838DE9}.Debug|Any CPU.Build.0 = Debug|Any CPU
		{9DB8B687-C658-4A6E-BCA7-73AEBF838DE9}.Release|Any CPU.ActiveCfg = Release|Any CPU
		{9DB8B687-C658-4A6E-BCA7-73AEBF838DE9}.Release|Any CPU.Build.0 = Release|Any CPU
		{63A80AB5-4A69-4D30-9163-B31B19DCA484}.Debug|Any CPU.ActiveCfg = Debug|Any CPU
		{63A80AB5-4A69-4D30-9163-B31B19DCA484}.Debug|Any CPU.Build.0 = Debug|Any CPU
		{63A80AB5-4A69-4D30-9163-B31B19DCA484}.Release|Any CPU.ActiveCfg = Release|Any CPU
		{63A80AB5-4A69-4D30-9163-B31B19DCA484}.Release|Any CPU.Build.0 = Release|Any CPU
		{50FE883C-DEE1-406F-9E30-8283C5D6462A}.Debug|Any CPU.ActiveCfg = Debug|Any CPU
		{50FE883C-DEE1-406F-9E30-8283C5D6462A}.Debug|Any CPU.Build.0 = Debug|Any CPU
		{50FE883C-DEE1-406F-9E30-8283C5D6462A}.Release|Any CPU.ActiveCfg = Release|Any CPU
		{50FE883C-DEE1-406F-9E30-8283C5D6462A}.Release|Any CPU.Build.0 = Release|Any CPU
		{C0BB69FB-626B-4F4E-A594-F19E81A40FB5}.Debug|Any CPU.ActiveCfg = Debug|Any CPU
		{C0BB69FB-626B-4F4E-A594-F19E81A40FB5}.Debug|Any CPU.Build.0 = Debug|Any CPU
		{C0BB69FB-626B-4F4E-A594-F19E81A40FB5}.Release|Any CPU.ActiveCfg = Release|Any CPU
		{C0BB69FB-626B-4F4E-A594-F19E81A40FB5}.Release|Any CPU.Build.0 = Release|Any CPU
		{A263B523-6434-4519-BC42-8547650B68F8}.Debug|Any CPU.ActiveCfg = Debug|Any CPU
		{A263B523-6434-4519-BC42-8547650B68F8}.Debug|Any CPU.Build.0 = Debug|Any CPU
		{A263B523-6434-4519-BC42-8547650B68F8}.Release|Any CPU.ActiveCfg = Release|Any CPU
		{A263B523-6434-4519-BC42-8547650B68F8}.Release|Any CPU.Build.0 = Release|Any CPU
		{CC336775-E51D-48AB-AE90-2B646D42D5B7}.Debug|Any CPU.ActiveCfg = Debug|Any CPU
		{CC336775-E51D-48AB-AE90-2B646D42D5B7}.Debug|Any CPU.Build.0 = Debug|Any CPU
		{CC336775-E51D-48AB-AE90-2B646D42D5B7}.Release|Any CPU.ActiveCfg = Release|Any CPU
		{CC336775-E51D-48AB-AE90-2B646D42D5B7}.Release|Any CPU.Build.0 = Release|Any CPU
		{4A7F6ED2-F21E-4C03-8038-2F011FC84565}.Debug|Any CPU.ActiveCfg = Debug|Any CPU
		{4A7F6ED2-F21E-4C03-8038-2F011FC84565}.Debug|Any CPU.Build.0 = Debug|Any CPU
		{4A7F6ED2-F21E-4C03-8038-2F011FC84565}.Release|Any CPU.ActiveCfg = Release|Any CPU
		{4A7F6ED2-F21E-4C03-8038-2F011FC84565}.Release|Any CPU.Build.0 = Release|Any CPU
		{69CE0189-15F3-4EBE-9A57-E0F85BF61971}.Debug|Any CPU.ActiveCfg = Debug|Any CPU
		{69CE0189-15F3-4EBE-9A57-E0F85BF61971}.Debug|Any CPU.Build.0 = Debug|Any CPU
		{69CE0189-15F3-4EBE-9A57-E0F85BF61971}.Release|Any CPU.ActiveCfg = Release|Any CPU
		{69CE0189-15F3-4EBE-9A57-E0F85BF61971}.Release|Any CPU.Build.0 = Release|Any CPU
		{923FC662-9909-464A-872C-EE70A679B689}.Debug|Any CPU.ActiveCfg = Debug|Any CPU
		{923FC662-9909-464A-872C-EE70A679B689}.Debug|Any CPU.Build.0 = Debug|Any CPU
		{923FC662-9909-464A-872C-EE70A679B689}.Release|Any CPU.ActiveCfg = Release|Any CPU
		{923FC662-9909-464A-872C-EE70A679B689}.Release|Any CPU.Build.0 = Release|Any CPU
		{C783F09B-7531-4D16-A182-089BF86D46BE}.Debug|Any CPU.ActiveCfg = Debug|Any CPU
		{C783F09B-7531-4D16-A182-089BF86D46BE}.Debug|Any CPU.Build.0 = Debug|Any CPU
		{C783F09B-7531-4D16-A182-089BF86D46BE}.Release|Any CPU.ActiveCfg = Release|Any CPU
		{C783F09B-7531-4D16-A182-089BF86D46BE}.Release|Any CPU.Build.0 = Release|Any CPU
	EndGlobalSection
	GlobalSection(SolutionProperties) = preSolution
		HideSolutionNode = FALSE
	EndGlobalSection
	GlobalSection(ExtensibilityGlobals) = postSolution
		SolutionGuid = {19A78549-1804-4843-A1BD-6500C86F71AD}
	EndGlobalSection
EndGlobal
